// !$*UTF8*$!
{
	archiveVersion = 1;
	classes = {
	};
	objectVersion = 46;
	objects = {

/* Begin PBXBuildFile section */
		78A4294B85B5DD9C794A80F7 /* Pods.framework in Frameworks */ = {isa = PBXBuildFile; fileRef = 44DF91EBD5A1D4D177348604 /* Pods.framework */; settings = {ATTRIBUTES = (Weak, ); }; };
		C920DBAC1C10A65100BBDF4E /* DPPImageEditorViewController.swift in Sources */ = {isa = PBXBuildFile; fileRef = C920DBAB1C10A65100BBDF4E /* DPPImageEditorViewController.swift */; };
		EA6B1A5C1BBCDAA700135040 /* Meme.swift in Sources */ = {isa = PBXBuildFile; fileRef = EA6B1A5B1BBCDAA700135040 /* Meme.swift */; };
		EADD5CDE1BBA0D9400DAE977 /* AppDelegate.swift in Sources */ = {isa = PBXBuildFile; fileRef = EADD5CDD1BBA0D9400DAE977 /* AppDelegate.swift */; };
		EADD5CE01BBA0D9400DAE977 /* ViewController.swift in Sources */ = {isa = PBXBuildFile; fileRef = EADD5CDF1BBA0D9400DAE977 /* ViewController.swift */; };
		EADD5CE31BBA0D9400DAE977 /* Main.storyboard in Resources */ = {isa = PBXBuildFile; fileRef = EADD5CE11BBA0D9400DAE977 /* Main.storyboard */; };
		EADD5CE51BBA0D9400DAE977 /* Images.xcassets in Resources */ = {isa = PBXBuildFile; fileRef = EADD5CE41BBA0D9400DAE977 /* Images.xcassets */; };
		EADD5CE81BBA0D9400DAE977 /* LaunchScreen.xib in Resources */ = {isa = PBXBuildFile; fileRef = EADD5CE61BBA0D9400DAE977 /* LaunchScreen.xib */; };
		EADD5CF41BBA0D9500DAE977 /* MM1_1PickingAnImageTests.swift in Sources */ = {isa = PBXBuildFile; fileRef = EADD5CF31BBA0D9500DAE977 /* MM1_1PickingAnImageTests.swift */; };
/* End PBXBuildFile section */

/* Begin PBXContainerItemProxy section */
		EADD5CEE1BBA0D9500DAE977 /* PBXContainerItemProxy */ = {
			isa = PBXContainerItemProxy;
			containerPortal = EADD5CD01BBA0D9400DAE977 /* Project object */;
			proxyType = 1;
			remoteGlobalIDString = EADD5CD71BBA0D9400DAE977;
			remoteInfo = MM1.1PickingAnImage;
		};
/* End PBXContainerItemProxy section */

/* Begin PBXFileReference section */
		33B2FEFA98DB8DD1D16696A6 /* Pods.debug.xcconfig */ = {isa = PBXFileReference; includeInIndex = 1; lastKnownFileType = text.xcconfig; name = Pods.debug.xcconfig; path = "Pods/Target Support Files/Pods/Pods.debug.xcconfig"; sourceTree = "<group>"; };
		44DF91EBD5A1D4D177348604 /* Pods.framework */ = {isa = PBXFileReference; explicitFileType = wrapper.framework; includeInIndex = 0; path = Pods.framework; sourceTree = BUILT_PRODUCTS_DIR; };
		5E86262BDCC5BC6A4980CFDA /* Pods.release.xcconfig */ = {isa = PBXFileReference; includeInIndex = 1; lastKnownFileType = text.xcconfig; name = Pods.release.xcconfig; path = "Pods/Target Support Files/Pods/Pods.release.xcconfig"; sourceTree = "<group>"; };
		C920DBAB1C10A65100BBDF4E /* DPPImageEditorViewController.swift */ = {isa = PBXFileReference; fileEncoding = 4; lastKnownFileType = sourcecode.swift; path = DPPImageEditorViewController.swift; sourceTree = "<group>"; };
		EA6B1A5B1BBCDAA700135040 /* Meme.swift */ = {isa = PBXFileReference; fileEncoding = 4; lastKnownFileType = sourcecode.swift; path = Meme.swift; sourceTree = "<group>"; };
		EADD5CD81BBA0D9400DAE977 /* MM1.1PickingAnImage.app */ = {isa = PBXFileReference; explicitFileType = wrapper.application; includeInIndex = 0; path = MM1.1PickingAnImage.app; sourceTree = BUILT_PRODUCTS_DIR; };
		EADD5CDC1BBA0D9400DAE977 /* Info.plist */ = {isa = PBXFileReference; lastKnownFileType = text.plist.xml; path = Info.plist; sourceTree = "<group>"; };
		EADD5CDD1BBA0D9400DAE977 /* AppDelegate.swift */ = {isa = PBXFileReference; lastKnownFileType = sourcecode.swift; path = AppDelegate.swift; sourceTree = "<group>"; };
		EADD5CDF1BBA0D9400DAE977 /* ViewController.swift */ = {isa = PBXFileReference; lastKnownFileType = sourcecode.swift; path = ViewController.swift; sourceTree = "<group>"; };
		EADD5CE21BBA0D9400DAE977 /* Base */ = {isa = PBXFileReference; lastKnownFileType = file.storyboard; name = Base; path = Base.lproj/Main.storyboard; sourceTree = "<group>"; };
		EADD5CE41BBA0D9400DAE977 /* Images.xcassets */ = {isa = PBXFileReference; lastKnownFileType = folder.assetcatalog; path = Images.xcassets; sourceTree = "<group>"; };
		EADD5CE71BBA0D9400DAE977 /* Base */ = {isa = PBXFileReference; lastKnownFileType = file.xib; name = Base; path = Base.lproj/LaunchScreen.xib; sourceTree = "<group>"; };
		EADD5CED1BBA0D9500DAE977 /* MM1.1PickingAnImageTests.xctest */ = {isa = PBXFileReference; explicitFileType = wrapper.cfbundle; includeInIndex = 0; path = MM1.1PickingAnImageTests.xctest; sourceTree = BUILT_PRODUCTS_DIR; };
		EADD5CF21BBA0D9500DAE977 /* Info.plist */ = {isa = PBXFileReference; lastKnownFileType = text.plist.xml; path = Info.plist; sourceTree = "<group>"; };
		EADD5CF31BBA0D9500DAE977 /* MM1_1PickingAnImageTests.swift */ = {isa = PBXFileReference; lastKnownFileType = sourcecode.swift; path = MM1_1PickingAnImageTests.swift; sourceTree = "<group>"; };
/* End PBXFileReference section */

/* Begin PBXFrameworksBuildPhase section */
		EADD5CD51BBA0D9400DAE977 /* Frameworks */ = {
			isa = PBXFrameworksBuildPhase;
			buildActionMask = 2147483647;
			files = (
				78A4294B85B5DD9C794A80F7 /* Pods.framework in Frameworks */,
			);
			runOnlyForDeploymentPostprocessing = 0;
		};
		EADD5CEA1BBA0D9500DAE977 /* Frameworks */ = {
			isa = PBXFrameworksBuildPhase;
			buildActionMask = 2147483647;
			files = (
			);
			runOnlyForDeploymentPostprocessing = 0;
		};
/* End PBXFrameworksBuildPhase section */

/* Begin PBXGroup section */
		C9842C681BF1013F00A3F751 /* Model */ = {
			isa = PBXGroup;
			children = (
				EA6B1A5B1BBCDAA700135040 /* Meme.swift */,
			);
			name = Model;
			sourceTree = "<group>";
		};
		C9842C691BF1014500A3F751 /* Controller */ = {
			isa = PBXGroup;
			children = (
				EADD5CDF1BBA0D9400DAE977 /* ViewController.swift */,
				C920DBAB1C10A65100BBDF4E /* DPPImageEditorViewController.swift */,
			);
			name = Controller;
			sourceTree = "<group>";
		};
		C9842C6A1BF1015200A3F751 /* View */ = {
			isa = PBXGroup;
			children = (
				EADD5CE61BBA0D9400DAE977 /* LaunchScreen.xib */,
				EADD5CE41BBA0D9400DAE977 /* Images.xcassets */,
				EADD5CE11BBA0D9400DAE977 /* Main.storyboard */,
			);
			name = View;
			sourceTree = "<group>";
		};
		DA22525CB5B80C1076FA4A5D /* Pods */ = {
			isa = PBXGroup;
			children = (
				33B2FEFA98DB8DD1D16696A6 /* Pods.debug.xcconfig */,
				5E86262BDCC5BC6A4980CFDA /* Pods.release.xcconfig */,
			);
			name = Pods;
			sourceTree = "<group>";
		};
		EADD5CCF1BBA0D9400DAE977 = {
			isa = PBXGroup;
			children = (
				EADD5CDA1BBA0D9400DAE977 /* MM1.1PickingAnImage */,
				EADD5CF01BBA0D9500DAE977 /* MM1.1PickingAnImageTests */,
				EADD5CD91BBA0D9400DAE977 /* Products */,
				DA22525CB5B80C1076FA4A5D /* Pods */,
				F29B7A7EDD85CC9C5FED4541 /* Frameworks */,
			);
			sourceTree = "<group>";
		};
		EADD5CD91BBA0D9400DAE977 /* Products */ = {
			isa = PBXGroup;
			children = (
				EADD5CD81BBA0D9400DAE977 /* MM1.1PickingAnImage.app */,
				EADD5CED1BBA0D9500DAE977 /* MM1.1PickingAnImageTests.xctest */,
			);
			name = Products;
			sourceTree = "<group>";
		};
		EADD5CDA1BBA0D9400DAE977 /* MM1.1PickingAnImage */ = {
			isa = PBXGroup;
			children = (
				C9842C681BF1013F00A3F751 /* Model */,
				C9842C691BF1014500A3F751 /* Controller */,
				C9842C6A1BF1015200A3F751 /* View */,
				EADD5CDB1BBA0D9400DAE977 /* Supporting Files */,
			);
			path = MM1.1PickingAnImage;
			sourceTree = "<group>";
		};
		EADD5CDB1BBA0D9400DAE977 /* Supporting Files */ = {
			isa = PBXGroup;
			children = (
				EADD5CDD1BBA0D9400DAE977 /* AppDelegate.swift */,
				EADD5CDC1BBA0D9400DAE977 /* Info.plist */,
			);
			name = "Supporting Files";
			sourceTree = "<group>";
		};
		EADD5CF01BBA0D9500DAE977 /* MM1.1PickingAnImageTests */ = {
			isa = PBXGroup;
			children = (
				EADD5CF31BBA0D9500DAE977 /* MM1_1PickingAnImageTests.swift */,
				EADD5CF11BBA0D9500DAE977 /* Supporting Files */,
			);
			path = MM1.1PickingAnImageTests;
			sourceTree = "<group>";
		};
		EADD5CF11BBA0D9500DAE977 /* Supporting Files */ = {
			isa = PBXGroup;
			children = (
				EADD5CF21BBA0D9500DAE977 /* Info.plist */,
			);
			name = "Supporting Files";
			sourceTree = "<group>";
		};
		F29B7A7EDD85CC9C5FED4541 /* Frameworks */ = {
			isa = PBXGroup;
			children = (
				44DF91EBD5A1D4D177348604 /* Pods.framework */,
			);
			name = Frameworks;
			sourceTree = "<group>";
		};
/* End PBXGroup section */

/* Begin PBXNativeTarget section */
		EADD5CD71BBA0D9400DAE977 /* MM1.1PickingAnImage */ = {
			isa = PBXNativeTarget;
			buildConfigurationList = EADD5CF71BBA0D9500DAE977 /* Build configuration list for PBXNativeTarget "MM1.1PickingAnImage" */;
			buildPhases = (
				CABAFA8926769114F216702D /* Check Pods Manifest.lock */,
				EADD5CD41BBA0D9400DAE977 /* Sources */,
				EADD5CD51BBA0D9400DAE977 /* Frameworks */,
				EADD5CD61BBA0D9400DAE977 /* Resources */,
				AF307C26B12892C39B9E0115 /* Embed Pods Frameworks */,
				9FF9A8E5FA806A34934CCFAB /* Copy Pods Resources */,
			);
			buildRules = (
			);
			dependencies = (
			);
			name = MM1.1PickingAnImage;
			productName = MM1.1PickingAnImage;
			productReference = EADD5CD81BBA0D9400DAE977 /* MM1.1PickingAnImage.app */;
			productType = "com.apple.product-type.application";
		};
		EADD5CEC1BBA0D9500DAE977 /* MM1.1PickingAnImageTests */ = {
			isa = PBXNativeTarget;
			buildConfigurationList = EADD5CFA1BBA0D9500DAE977 /* Build configuration list for PBXNativeTarget "MM1.1PickingAnImageTests" */;
			buildPhases = (
				EADD5CE91BBA0D9500DAE977 /* Sources */,
				EADD5CEA1BBA0D9500DAE977 /* Frameworks */,
				EADD5CEB1BBA0D9500DAE977 /* Resources */,
			);
			buildRules = (
			);
			dependencies = (
				EADD5CEF1BBA0D9500DAE977 /* PBXTargetDependency */,
			);
			name = MM1.1PickingAnImageTests;
			productName = MM1.1PickingAnImageTests;
			productReference = EADD5CED1BBA0D9500DAE977 /* MM1.1PickingAnImageTests.xctest */;
			productType = "com.apple.product-type.bundle.unit-test";
		};
/* End PBXNativeTarget section */

/* Begin PBXProject section */
		EADD5CD01BBA0D9400DAE977 /* Project object */ = {
			isa = PBXProject;
			attributes = {
				LastSwiftUpdateCheck = 0700;
				LastUpgradeCheck = 0640;
				ORGANIZATIONNAME = Kwan;
				TargetAttributes = {
					EADD5CD71BBA0D9400DAE977 = {
						CreatedOnToolsVersion = 6.4;
					};
					EADD5CEC1BBA0D9500DAE977 = {
						CreatedOnToolsVersion = 6.4;
						TestTargetID = EADD5CD71BBA0D9400DAE977;
					};
				};
			};
			buildConfigurationList = EADD5CD31BBA0D9400DAE977 /* Build configuration list for PBXProject "MM1.1PickingAnImage" */;
			compatibilityVersion = "Xcode 3.2";
			developmentRegion = English;
			hasScannedForEncodings = 0;
			knownRegions = (
				en,
				Base,
			);
			mainGroup = EADD5CCF1BBA0D9400DAE977;
			productRefGroup = EADD5CD91BBA0D9400DAE977 /* Products */;
			projectDirPath = "";
			projectRoot = "";
			targets = (
				EADD5CD71BBA0D9400DAE977 /* MM1.1PickingAnImage */,
				EADD5CEC1BBA0D9500DAE977 /* MM1.1PickingAnImageTests */,
			);
		};
/* End PBXProject section */

/* Begin PBXResourcesBuildPhase section */
		EADD5CD61BBA0D9400DAE977 /* Resources */ = {
			isa = PBXResourcesBuildPhase;
			buildActionMask = 2147483647;
			files = (
				EADD5CE31BBA0D9400DAE977 /* Main.storyboard in Resources */,
				EADD5CE81BBA0D9400DAE977 /* LaunchScreen.xib in Resources */,
				EADD5CE51BBA0D9400DAE977 /* Images.xcassets in Resources */,
			);
			runOnlyForDeploymentPostprocessing = 0;
		};
		EADD5CEB1BBA0D9500DAE977 /* Resources */ = {
			isa = PBXResourcesBuildPhase;
			buildActionMask = 2147483647;
			files = (
			);
			runOnlyForDeploymentPostprocessing = 0;
		};
/* End PBXResourcesBuildPhase section */

/* Begin PBXShellScriptBuildPhase section */
		9FF9A8E5FA806A34934CCFAB /* Copy Pods Resources */ = {
			isa = PBXShellScriptBuildPhase;
			buildActionMask = 2147483647;
			files = (
			);
			inputPaths = (
			);
			name = "Copy Pods Resources";
			outputPaths = (
			);
			runOnlyForDeploymentPostprocessing = 0;
			shellPath = /bin/sh;
			shellScript = "\"${SRCROOT}/Pods/Target Support Files/Pods/Pods-resources.sh\"\n";
			showEnvVarsInLog = 0;
		};
		AF307C26B12892C39B9E0115 /* Embed Pods Frameworks */ = {
			isa = PBXShellScriptBuildPhase;
			buildActionMask = 2147483647;
			files = (
			);
			inputPaths = (
			);
			name = "Embed Pods Frameworks";
			outputPaths = (
			);
			runOnlyForDeploymentPostprocessing = 0;
			shellPath = /bin/sh;
			shellScript = "\"${SRCROOT}/Pods/Target Support Files/Pods/Pods-frameworks.sh\"\n";
			showEnvVarsInLog = 0;
		};
		CABAFA8926769114F216702D /* Check Pods Manifest.lock */ = {
			isa = PBXShellScriptBuildPhase;
			buildActionMask = 2147483647;
			files = (
			);
			inputPaths = (
			);
			name = "Check Pods Manifest.lock";
			outputPaths = (
			);
			runOnlyForDeploymentPostprocessing = 0;
			shellPath = /bin/sh;
			shellScript = "diff \"${PODS_ROOT}/../Podfile.lock\" \"${PODS_ROOT}/Manifest.lock\" > /dev/null\nif [[ $? != 0 ]] ; then\n    cat << EOM\nerror: The sandbox is not in sync with the Podfile.lock. Run 'pod install' or update your CocoaPods installation.\nEOM\n    exit 1\nfi\n";
			showEnvVarsInLog = 0;
		};
/* End PBXShellScriptBuildPhase section */

/* Begin PBXSourcesBuildPhase section */
		EADD5CD41BBA0D9400DAE977 /* Sources */ = {
			isa = PBXSourcesBuildPhase;
			buildActionMask = 2147483647;
			files = (
				EA6B1A5C1BBCDAA700135040 /* Meme.swift in Sources */,
				C920DBAC1C10A65100BBDF4E /* DPPImageEditorViewController.swift in Sources */,
				EADD5CE01BBA0D9400DAE977 /* ViewController.swift in Sources */,
				EADD5CDE1BBA0D9400DAE977 /* AppDelegate.swift in Sources */,
			);
			runOnlyForDeploymentPostprocessing = 0;
		};
		EADD5CE91BBA0D9500DAE977 /* Sources */ = {
			isa = PBXSourcesBuildPhase;
			buildActionMask = 2147483647;
			files = (
				EADD5CF41BBA0D9500DAE977 /* MM1_1PickingAnImageTests.swift in Sources */,
			);
			runOnlyForDeploymentPostprocessing = 0;
		};
/* End PBXSourcesBuildPhase section */

/* Begin PBXTargetDependency section */
		EADD5CEF1BBA0D9500DAE977 /* PBXTargetDependency */ = {
			isa = PBXTargetDependency;
			target = EADD5CD71BBA0D9400DAE977 /* MM1.1PickingAnImage */;
			targetProxy = EADD5CEE1BBA0D9500DAE977 /* PBXContainerItemProxy */;
		};
/* End PBXTargetDependency section */

/* Begin PBXVariantGroup section */
		EADD5CE11BBA0D9400DAE977 /* Main.storyboard */ = {
			isa = PBXVariantGroup;
			children = (
				EADD5CE21BBA0D9400DAE977 /* Base */,
			);
			name = Main.storyboard;
			sourceTree = "<group>";
		};
		EADD5CE61BBA0D9400DAE977 /* LaunchScreen.xib */ = {
			isa = PBXVariantGroup;
			children = (
				EADD5CE71BBA0D9400DAE977 /* Base */,
			);
			name = LaunchScreen.xib;
			sourceTree = "<group>";
		};
/* End PBXVariantGroup section */

/* Begin XCBuildConfiguration section */
		EADD5CF51BBA0D9500DAE977 /* Debug */ = {
			isa = XCBuildConfiguration;
			buildSettings = {
				ALWAYS_SEARCH_USER_PATHS = NO;
				CLANG_CXX_LANGUAGE_STANDARD = "gnu++0x";
				CLANG_CXX_LIBRARY = "libc++";
				CLANG_ENABLE_MODULES = YES;
				CLANG_ENABLE_OBJC_ARC = YES;
				CLANG_WARN_BOOL_CONVERSION = YES;
				CLANG_WARN_CONSTANT_CONVERSION = YES;
				CLANG_WARN_DIRECT_OBJC_ISA_USAGE = YES_ERROR;
				CLANG_WARN_EMPTY_BODY = YES;
				CLANG_WARN_ENUM_CONVERSION = YES;
				CLANG_WARN_INT_CONVERSION = YES;
				CLANG_WARN_OBJC_ROOT_CLASS = YES_ERROR;
				CLANG_WARN_UNREACHABLE_CODE = YES;
				CLANG_WARN__DUPLICATE_METHOD_MATCH = YES;
				"CODE_SIGN_IDENTITY[sdk=iphoneos*]" = "iPhone Developer";
				COPY_PHASE_STRIP = NO;
				DEBUG_INFORMATION_FORMAT = "dwarf-with-dsym";
				ENABLE_STRICT_OBJC_MSGSEND = YES;
				GCC_C_LANGUAGE_STANDARD = gnu99;
				GCC_DYNAMIC_NO_PIC = NO;
				GCC_NO_COMMON_BLOCKS = YES;
				GCC_OPTIMIZATION_LEVEL = 0;
				GCC_PREPROCESSOR_DEFINITIONS = (
					"DEBUG=1",
					"$(inherited)",
				);
				GCC_SYMBOLS_PRIVATE_EXTERN = NO;
				GCC_WARN_64_TO_32_BIT_CONVERSION = YES;
				GCC_WARN_ABOUT_RETURN_TYPE = YES_ERROR;
				GCC_WARN_UNDECLARED_SELECTOR = YES;
				GCC_WARN_UNINITIALIZED_AUTOS = YES_AGGRESSIVE;
				GCC_WARN_UNUSED_FUNCTION = YES;
				GCC_WARN_UNUSED_VARIABLE = YES;
				IPHONEOS_DEPLOYMENT_TARGET = 9.0;
				MTL_ENABLE_DEBUG_INFO = YES;
				ONLY_ACTIVE_ARCH = YES;
				SDKROOT = iphoneos;
				SWIFT_OPTIMIZATION_LEVEL = "-Onone";
				TARGETED_DEVICE_FAMILY = "1,2";
			};
			name = Debug;
		};
		EADD5CF61BBA0D9500DAE977 /* Release */ = {
			isa = XCBuildConfiguration;
			buildSettings = {
				ALWAYS_SEARCH_USER_PATHS = NO;
				CLANG_CXX_LANGUAGE_STANDARD = "gnu++0x";
				CLANG_CXX_LIBRARY = "libc++";
				CLANG_ENABLE_MODULES = YES;
				CLANG_ENABLE_OBJC_ARC = YES;
				CLANG_WARN_BOOL_CONVERSION = YES;
				CLANG_WARN_CONSTANT_CONVERSION = YES;
				CLANG_WARN_DIRECT_OBJC_ISA_USAGE = YES_ERROR;
				CLANG_WARN_EMPTY_BODY = YES;
				CLANG_WARN_ENUM_CONVERSION = YES;
				CLANG_WARN_INT_CONVERSION = YES;
				CLANG_WARN_OBJC_ROOT_CLASS = YES_ERROR;
				CLANG_WARN_UNREACHABLE_CODE = YES;
				CLANG_WARN__DUPLICATE_METHOD_MATCH = YES;
				"CODE_SIGN_IDENTITY[sdk=iphoneos*]" = "iPhone Developer";
				COPY_PHASE_STRIP = NO;
				DEBUG_INFORMATION_FORMAT = "dwarf-with-dsym";
				ENABLE_NS_ASSERTIONS = NO;
				ENABLE_STRICT_OBJC_MSGSEND = YES;
				GCC_C_LANGUAGE_STANDARD = gnu99;
				GCC_NO_COMMON_BLOCKS = YES;
				GCC_WARN_64_TO_32_BIT_CONVERSION = YES;
				GCC_WARN_ABOUT_RETURN_TYPE = YES_ERROR;
				GCC_WARN_UNDECLARED_SELECTOR = YES;
				GCC_WARN_UNINITIALIZED_AUTOS = YES_AGGRESSIVE;
				GCC_WARN_UNUSED_FUNCTION = YES;
				GCC_WARN_UNUSED_VARIABLE = YES;
				IPHONEOS_DEPLOYMENT_TARGET = 9.0;
				MTL_ENABLE_DEBUG_INFO = NO;
				SDKROOT = iphoneos;
				TARGETED_DEVICE_FAMILY = "1,2";
				VALIDATE_PRODUCT = YES;
			};
			name = Release;
		};
		EADD5CF81BBA0D9500DAE977 /* Debug */ = {
			isa = XCBuildConfiguration;
			baseConfigurationReference = 33B2FEFA98DB8DD1D16696A6 /* Pods.debug.xcconfig */;
			buildSettings = {
				ASSETCATALOG_COMPILER_APPICON_NAME = AppIcon;
				CODE_SIGN_IDENTITY = "iPhone Developer";
				INFOPLIST_FILE = MM1.1PickingAnImage/Info.plist;
				LD_RUNPATH_SEARCH_PATHS = "$(inherited) @executable_path/Frameworks";
				PRODUCT_NAME = "$(TARGET_NAME)";
			};
			name = Debug;
		};
		EADD5CF91BBA0D9500DAE977 /* Release */ = {
			isa = XCBuildConfiguration;
			baseConfigurationReference = 5E86262BDCC5BC6A4980CFDA /* Pods.release.xcconfig */;
			buildSettings = {
				ASSETCATALOG_COMPILER_APPICON_NAME = AppIcon;
				CODE_SIGN_IDENTITY = "iPhone Developer";
				INFOPLIST_FILE = MM1.1PickingAnImage/Info.plist;
				LD_RUNPATH_SEARCH_PATHS = "$(inherited) @executable_path/Frameworks";
				PRODUCT_NAME = "$(TARGET_NAME)";
			};
			name = Release;
		};
		EADD5CFB1BBA0D9500DAE977 /* Debug */ = {
			isa = XCBuildConfiguration;
			buildSettings = {
				BUNDLE_LOADER = "$(TEST_HOST)";
				FRAMEWORK_SEARCH_PATHS = (
					"$(SDKROOT)/Developer/Library/Frameworks",
					"$(inherited)",
				);
				GCC_PREPROCESSOR_DEFINITIONS = (
					"DEBUG=1",
					"$(inherited)",
				);
				INFOPLIST_FILE = MM1.1PickingAnImageTests/Info.plist;
				LD_RUNPATH_SEARCH_PATHS = "$(inherited) @executable_path/Frameworks @loader_path/Frameworks";
				PRODUCT_NAME = "$(TARGET_NAME)";
				TEST_HOST = "$(BUILT_PRODUCTS_DIR)/MM1.1PickingAnImage.app/MM1.1PickingAnImage";
			};
			name = Debug;
		};
		EADD5CFC1BBA0D9500DAE977 /* Release */ = {
			isa = XCBuildConfiguration;
			buildSettings = {
				BUNDLE_LOADER = "$(TEST_HOST)";
				FRAMEWORK_SEARCH_PATHS = (
					"$(SDKROOT)/Developer/Library/Frameworks",
					"$(inherited)",
				);
				INFOPLIST_FILE = MM1.1PickingAnImageTests/Info.plist;
				LD_RUNPATH_SEARCH_PATHS = "$(inherited) @executable_path/Frameworks @loader_path/Frameworks";
				PRODUCT_NAME = "$(TARGET_NAME)";
				TEST_HOST = "$(BUILT_PRODUCTS_DIR)/MM1.1PickingAnImage.app/MM1.1PickingAnImage";
			};
			name = Release;
		};
/* End XCBuildConfiguration section */

/* Begin XCConfigurationList section */
		EADD5CD31BBA0D9400DAE977 /* Build configuration list for PBXProject "MM1.1PickingAnImage" */ = {
			isa = XCConfigurationList;
			buildConfigurations = (
				EADD5CF51BBA0D9500DAE977 /* Debug */,
				EADD5CF61BBA0D9500DAE977 /* Release */,
			);
			defaultConfigurationIsVisible = 0;
			defaultConfigurationName = Release;
		};
		EADD5CF71BBA0D9500DAE977 /* Build configuration list for PBXNativeTarget "MM1.1PickingAnImage" */ = {
			isa = XCConfigurationList;
			buildConfigurations = (
				EADD5CF81BBA0D9500DAE977 /* Debug */,
				EADD5CF91BBA0D9500DAE977 /* Release */,
			);
			defaultConfigurationIsVisible = 0;
			defaultConfigurationName = Release;
		};
		EADD5CFA1BBA0D9500DAE977 /* Build configuration list for PBXNativeTarget "MM1.1PickingAnImageTests" */ = {
			isa = XCConfigurationList;
			buildConfigurations = (
				EADD5CFB1BBA0D9500DAE977 /* Debug */,
				EADD5CFC1BBA0D9500DAE977 /* Release */,
			);
			defaultConfigurationIsVisible = 0;
			defaultConfigurationName = Release;
		};
/* End XCConfigurationList section */
	};
	rootObject = EADD5CD01BBA0D9400DAE977 /* Project object */;
}
